
Microsoft Visual Studio Solution File, Format Version 12.00
# Visual Studio Version 16
VisualStudioVersion = 16.0.31424.327
MinimumVisualStudioVersion = 10.0.40219.1
Project("{FAE04EC0-301F-11D3-BF4B-00C04F79EFBC}") = "LoginAPI", "LoginAPI\LoginAPI.csproj", "{1ED9391E-83ED-4289-89F7-10788E3FB543}"
EndProject
Global
	GlobalSection(SolutionConfigurationPlatforms) = preSolution
		Debug|Any CPU = Debug|Any CPU
		Release|Any CPU = Release|Any CPU
	EndGlobalSection
	GlobalSection(ProjectConfigurationPlatforms) = postSolution
		{1ED9391E-83ED-4289-89F7-10788E3FB543}.Debug|Any CPU.ActiveCfg = Debug|Any CPU
		{1ED9391E-83ED-4289-89F7-10788E3FB543}.Debug|Any CPU.Build.0 = Debug|Any CPU
		{1ED9391E-83ED-4289-89F7-10788E3FB543}.Release|Any CPU.ActiveCfg = Release|Any CPU
		{1ED9391E-83ED-4289-89F7-10788E3FB543}.Release|Any CPU.Build.0 = Release|Any CPU
	EndGlobalSection
	GlobalSection(SolutionProperties) = preSolution
		HideSolutionNode = FALSE
	EndGlobalSection
	GlobalSection(ExtensibilityGlobals) = postSolution
		SolutionGuid = {4F52E9AD-888D-4E2A-A5A4-61FAD11C1B41}
	EndGlobalSection
EndGlobal
